
Microsoft Visual Studio Solution File, Format Version 12.00
# Visual Studio 2012
Project("{FAE04EC0-301F-11D3-BF4B-00C04F79EFBC}") = "KursSummerExperience2018", "KursSummerExperience2018\KursSummerExperience2018.csproj", "{4CE2ABFD-A899-43F6-ABA1-F13E4271BE68}"
EndProject
Project("{2150E333-8FDC-42A3-9474-1A3956D46DE8}") = "10 Presentation", "10 Presentation", "{D0211ADC-B3E0-434E-8B56-A759152FCFFC}"
EndProject
Project("{2150E333-8FDC-42A3-9474-1A3956D46DE8}") = "00 Core", "00 Core", "{20DB02A6-6951-4651-B3DA-4F8175ED9DE3}"
EndProject
Project("{FAE04EC0-301F-11D3-BF4B-00C04F79EFBC}") = "Models", "Models\Models.csproj", "{AD5EA529-76E2-4BEB-8D52-CFB1D005DD00}"
EndProject
Project("{2150E333-8FDC-42A3-9474-1A3956D46DE8}") = "20 Application", "20 Application", "{36072722-C061-4D6C-8BAD-1E54EDF5FA14}"
EndProject
Project("{FAE04EC0-301F-11D3-BF4B-00C04F79EFBC}") = "EmissionNumbers", "EmmisionNumbers\EmissionNumbers.csproj", "{4521DD1A-9580-47DF-B6D4-1993CBD16608}"
EndProject
Project("{2150E333-8FDC-42A3-9474-1A3956D46DE8}") = "30 Services", "30 Services", "{56D93E71-7BDD-4545-8CD3-DA76430C59D1}"
EndProject
Project("{FAE04EC0-301F-11D3-BF4B-00C04F79EFBC}") = "Testing.API", "Testing.API\Testing.API.csproj", "{300C7A50-2446-4E29-B841-1CB25E6B1197}"
EndProject
Project("{FAE04EC0-301F-11D3-BF4B-00C04F79EFBC}") = "Interfaces", "Interfaces\Interfaces.csproj", "{F96F8E21-ADFF-4CBA-B5F9-D33C14E28839}"
EndProject
Project("{FAE04EC0-301F-11D3-BF4B-00C04F79EFBC}") = "ServiceResolution", "ServiceResolution\ServiceResolution.csproj", "{24058126-D015-4679-B693-9E377A313579}"
EndProject
Project("{2150E333-8FDC-42A3-9474-1A3956D46DE8}") = "50 Test", "50 Test", "{FDAE1416-62CA-46D6-A848-8EDC298014B2}"
EndProject
Project("{FAE04EC0-301F-11D3-BF4B-00C04F79EFBC}") = "EmissionTesterTests", "EmissionTesterTests\EmissionTesterTests.csproj", "{64D21E54-1195-4BDB-A250-979C9099D5FF}"
EndProject
Global
	GlobalSection(SolutionConfigurationPlatforms) = preSolution
		Debug|Any CPU = Debug|Any CPU
		Release|Any CPU = Release|Any CPU
	EndGlobalSection
	GlobalSection(ProjectConfigurationPlatforms) = postSolution
		{4CE2ABFD-A899-43F6-ABA1-F13E4271BE68}.Debug|Any CPU.ActiveCfg = Debug|Any CPU
		{4CE2ABFD-A899-43F6-ABA1-F13E4271BE68}.Debug|Any CPU.Build.0 = Debug|Any CPU
		{4CE2ABFD-A899-43F6-ABA1-F13E4271BE68}.Release|Any CPU.ActiveCfg = Release|Any CPU
		{4CE2ABFD-A899-43F6-ABA1-F13E4271BE68}.Release|Any CPU.Build.0 = Release|Any CPU
		{AD5EA529-76E2-4BEB-8D52-CFB1D005DD00}.Debug|Any CPU.ActiveCfg = Debug|Any CPU
		{AD5EA529-76E2-4BEB-8D52-CFB1D005DD00}.Debug|Any CPU.Build.0 = Debug|Any CPU
		{AD5EA529-76E2-4BEB-8D52-CFB1D005DD00}.Release|Any CPU.ActiveCfg = Release|Any CPU
		{AD5EA529-76E2-4BEB-8D52-CFB1D005DD00}.Release|Any CPU.Build.0 = Release|Any CPU
		{4521DD1A-9580-47DF-B6D4-1993CBD16608}.Debug|Any CPU.ActiveCfg = Debug|Any CPU
		{4521DD1A-9580-47DF-B6D4-1993CBD16608}.Debug|Any CPU.Build.0 = Debug|Any CPU
		{4521DD1A-9580-47DF-B6D4-1993CBD16608}.Release|Any CPU.ActiveCfg = Release|Any CPU
		{4521DD1A-9580-47DF-B6D4-1993CBD16608}.Release|Any CPU.Build.0 = Release|Any CPU
		{300C7A50-2446-4E29-B841-1CB25E6B1197}.Debug|Any CPU.ActiveCfg = Debug|Any CPU
		{300C7A50-2446-4E29-B841-1CB25E6B1197}.Debug|Any CPU.Build.0 = Debug|Any CPU
		{300C7A50-2446-4E29-B841-1CB25E6B1197}.Release|Any CPU.ActiveCfg = Release|Any CPU
		{300C7A50-2446-4E29-B841-1CB25E6B1197}.Release|Any CPU.Build.0 = Release|Any CPU
		{F96F8E21-ADFF-4CBA-B5F9-D33C14E28839}.Debug|Any CPU.ActiveCfg = Debug|Any CPU
		{F96F8E21-ADFF-4CBA-B5F9-D33C14E28839}.Debug|Any CPU.Build.0 = Debug|Any CPU
		{F96F8E21-ADFF-4CBA-B5F9-D33C14E28839}.Release|Any CPU.ActiveCfg = Release|Any CPU
		{F96F8E21-ADFF-4CBA-B5F9-D33C14E28839}.Release|Any CPU.Build.0 = Release|Any CPU
		{24058126-D015-4679-B693-9E377A313579}.Debug|Any CPU.ActiveCfg = Debug|Any CPU
		{24058126-D015-4679-B693-9E377A313579}.Debug|Any CPU.Build.0 = Debug|Any CPU
		{24058126-D015-4679-B693-9E377A313579}.Release|Any CPU.ActiveCfg = Release|Any CPU
		{24058126-D015-4679-B693-9E377A313579}.Release|Any CPU.Build.0 = Release|Any CPU
		{64D21E54-1195-4BDB-A250-979C9099D5FF}.Debug|Any CPU.ActiveCfg = Debug|Any CPU
		{64D21E54-1195-4BDB-A250-979C9099D5FF}.Debug|Any CPU.Build.0 = Debug|Any CPU
		{64D21E54-1195-4BDB-A250-979C9099D5FF}.Release|Any CPU.ActiveCfg = Release|Any CPU
		{64D21E54-1195-4BDB-A250-979C9099D5FF}.Release|Any CPU.Build.0 = Release|Any CPU
	EndGlobalSection
	GlobalSection(NestedProjects) = preSolution
		{4CE2ABFD-A899-43F6-ABA1-F13E4271BE68} = {D0211ADC-B3E0-434E-8B56-A759152FCFFC}
		{AD5EA529-76E2-4BEB-8D52-CFB1D005DD00} = {20DB02A6-6951-4651-B3DA-4F8175ED9DE3}
		{4521DD1A-9580-47DF-B6D4-1993CBD16608} = {36072722-C061-4D6C-8BAD-1E54EDF5FA14}
		{300C7A50-2446-4E29-B841-1CB25E6B1197} = {56D93E71-7BDD-4545-8CD3-DA76430C59D1}
		{F96F8E21-ADFF-4CBA-B5F9-D33C14E28839} = {20DB02A6-6951-4651-B3DA-4F8175ED9DE3}
		{24058126-D015-4679-B693-9E377A313579} = {20DB02A6-6951-4651-B3DA-4F8175ED9DE3}
		{64D21E54-1195-4BDB-A250-979C9099D5FF} = {FDAE1416-62CA-46D6-A848-8EDC298014B2}
	EndGlobalSection
EndGlobal
